
Microsoft Visual Studio Solution File, Format Version 12.00
# Visual Studio Version 16
VisualStudioVersion = 16.0.29403.142
MinimumVisualStudioVersion = 10.0.40219.1
Project("{9A19103F-16F7-4668-BE54-9A1E7A4F7556}") = "YıldızOrnek", "YıldızÖrnek\YıldızOrnek.csproj", "{E832F401-2EE5-497D-8803-D6A4E65B644C}"
EndProject
Global
	GlobalSection(SolutionConfigurationPlatforms) = preSolution
		Debug|Any CPU = Debug|Any CPU
		Release|Any CPU = Release|Any CPU
	EndGlobalSection
	GlobalSection(ProjectConfigurationPlatforms) = postSolution
		{E832F401-2EE5-497D-8803-D6A4E65B644C}.Debug|Any CPU.ActiveCfg = Debug|Any CPU
		{E832F401-2EE5-497D-8803-D6A4E65B644C}.Debug|Any CPU.Build.0 = Debug|Any CPU
		{E832F401-2EE5-497D-8803-D6A4E65B644C}.Release|Any CPU.ActiveCfg = Release|Any CPU
		{E832F401-2EE5-497D-8803-D6A4E65B644C}.Release|Any CPU.Build.0 = Release|Any CPU
	EndGlobalSection
	GlobalSection(SolutionProperties) = preSolution
		HideSolutionNode = FALSE
	EndGlobalSection
	GlobalSection(ExtensibilityGlobals) = postSolution
		SolutionGuid = {15FD3901-9380-4B70-B12D-CD260C25C86F}
	EndGlobalSection
EndGlobal
